// !$*UTF8*$!
{
	archiveVersion = 1;
	classes = {
	};
	objectVersion = 46;
	objects = {

/* Begin PBXBuildFile section */
		00CE0FE9192BCD2C00BC227A /* SKButton.m in Sources */ = {isa = PBXBuildFile; fileRef = 00CE0FE8192BCD2C00BC227A /* SKButton.m */; };
		00D5CD0C1929D63100B55E28 /* Foundation.framework in Frameworks */ = {isa = PBXBuildFile; fileRef = 00D5CD0B1929D63100B55E28 /* Foundation.framework */; };
		00D5CD0E1929D63100B55E28 /* CoreGraphics.framework in Frameworks */ = {isa = PBXBuildFile; fileRef = 00D5CD0D1929D63100B55E28 /* CoreGraphics.framework */; };
		00D5CD101929D63100B55E28 /* UIKit.framework in Frameworks */ = {isa = PBXBuildFile; fileRef = 00D5CD0F1929D63100B55E28 /* UIKit.framework */; };
		00D5CD121929D63100B55E28 /* SpriteKit.framework in Frameworks */ = {isa = PBXBuildFile; fileRef = 00D5CD111929D63100B55E28 /* SpriteKit.framework */; };
		00D5CD181929D63100B55E28 /* InfoPlist.strings in Resources */ = {isa = PBXBuildFile; fileRef = 00D5CD161929D63100B55E28 /* InfoPlist.strings */; };
		00D5CD1A1929D63100B55E28 /* main.m in Sources */ = {isa = PBXBuildFile; fileRef = 00D5CD191929D63100B55E28 /* main.m */; };
		00D5CD1E1929D63100B55E28 /* AppDelegate.m in Sources */ = {isa = PBXBuildFile; fileRef = 00D5CD1D1929D63100B55E28 /* AppDelegate.m */; };
		00D5CD211929D63100B55E28 /* Main.storyboard in Resources */ = {isa = PBXBuildFile; fileRef = 00D5CD1F1929D63100B55E28 /* Main.storyboard */; };
		00D5CD241929D63100B55E28 /* ViewController.m in Sources */ = {isa = PBXBuildFile; fileRef = 00D5CD231929D63100B55E28 /* ViewController.m */; };
		00D5CD2B1929D63100B55E28 /* Images.xcassets in Resources */ = {isa = PBXBuildFile; fileRef = 00D5CD2A1929D63100B55E28 /* Images.xcassets */; };
		00D5CD321929D63100B55E28 /* XCTest.framework in Frameworks */ = {isa = PBXBuildFile; fileRef = 00D5CD311929D63100B55E28 /* XCTest.framework */; };
		00D5CD331929D63100B55E28 /* Foundation.framework in Frameworks */ = {isa = PBXBuildFile; fileRef = 00D5CD0B1929D63100B55E28 /* Foundation.framework */; };
		00D5CD341929D63100B55E28 /* UIKit.framework in Frameworks */ = {isa = PBXBuildFile; fileRef = 00D5CD0F1929D63100B55E28 /* UIKit.framework */; };
		00D5CD3C1929D63100B55E28 /* InfoPlist.strings in Resources */ = {isa = PBXBuildFile; fileRef = 00D5CD3A1929D63100B55E28 /* InfoPlist.strings */; };
		00D5CD3E1929D63100B55E28 /* CupsTests.m in Sources */ = {isa = PBXBuildFile; fileRef = 00D5CD3D1929D63100B55E28 /* CupsTests.m */; };
		00D5CD4C1929D8F800B55E28 /* GameScene.m in Sources */ = {isa = PBXBuildFile; fileRef = 00D5CD4B1929D8F800B55E28 /* GameScene.m */; };
		00D5CD521929DCE100B55E28 /* Tile.m in Sources */ = {isa = PBXBuildFile; fileRef = 00D5CD511929DCE100B55E28 /* Tile.m */; };
		00D5CD551929DCF500B55E28 /* UIColor+GameColors.m in Sources */ = {isa = PBXBuildFile; fileRef = 00D5CD541929DCF500B55E28 /* UIColor+GameColors.m */; };
		00F0DD08192BA00700B3B50D /* iAd.framework in Frameworks */ = {isa = PBXBuildFile; fileRef = 00F0DD07192BA00700B3B50D /* iAd.framework */; };
/* End PBXBuildFile section */

/* Begin PBXContainerItemProxy section */
		00D5CD351929D63100B55E28 /* PBXContainerItemProxy */ = {
			isa = PBXContainerItemProxy;
			containerPortal = 00D5CD001929D63100B55E28 /* Project object */;
			proxyType = 1;
			remoteGlobalIDString = 00D5CD071929D63100B55E28;
			remoteInfo = Cups;
		};
/* End PBXContainerItemProxy section */

/* Begin PBXFileReference section */
		00CE0FE7192BCD2C00BC227A /* SKButton.h */ = {isa = PBXFileReference; fileEncoding = 4; lastKnownFileType = sourcecode.c.h; path = SKButton.h; sourceTree = "<group>"; };
		00CE0FE8192BCD2C00BC227A /* SKButton.m */ = {isa = PBXFileReference; fileEncoding = 4; lastKnownFileType = sourcecode.c.objc; path = SKButton.m; sourceTree = "<group>"; };
		00D5CD081929D63100B55E28 /* Cups.app */ = {isa = PBXFileReference; explicitFileType = wrapper.application; includeInIndex = 0; path = Cups.app; sourceTree = BUILT_PRODUCTS_DIR; };
		00D5CD0B1929D63100B55E28 /* Foundation.framework */ = {isa = PBXFileReference; lastKnownFileType = wrapper.framework; name = Foundation.framework; path = System/Library/Frameworks/Foundation.framework; sourceTree = SDKROOT; };
		00D5CD0D1929D63100B55E28 /* CoreGraphics.framework */ = {isa = PBXFileReference; lastKnownFileType = wrapper.framework; name = CoreGraphics.framework; path = System/Library/Frameworks/CoreGraphics.framework; sourceTree = SDKROOT; };
		00D5CD0F1929D63100B55E28 /* UIKit.framework */ = {isa = PBXFileReference; lastKnownFileType = wrapper.framework; name = UIKit.framework; path = System/Library/Frameworks/UIKit.framework; sourceTree = SDKROOT; };
		00D5CD111929D63100B55E28 /* SpriteKit.framework */ = {isa = PBXFileReference; lastKnownFileType = wrapper.framework; name = SpriteKit.framework; path = System/Library/Frameworks/SpriteKit.framework; sourceTree = SDKROOT; };
		00D5CD151929D63100B55E28 /* Cups-Info.plist */ = {isa = PBXFileReference; lastKnownFileType = text.plist.xml; path = "Cups-Info.plist"; sourceTree = "<group>"; };
		00D5CD171929D63100B55E28 /* en */ = {isa = PBXFileReference; lastKnownFileType = text.plist.strings; name = en; path = en.lproj/InfoPlist.strings; sourceTree = "<group>"; };
		00D5CD191929D63100B55E28 /* main.m */ = {isa = PBXFileReference; lastKnownFileType = sourcecode.c.objc; path = main.m; sourceTree = "<group>"; };
		00D5CD1B1929D63100B55E28 /* Cups-Prefix.pch */ = {isa = PBXFileReference; lastKnownFileType = sourcecode.c.h; path = "Cups-Prefix.pch"; sourceTree = "<group>"; };
		00D5CD1C1929D63100B55E28 /* AppDelegate.h */ = {isa = PBXFileReference; lastKnownFileType = sourcecode.c.h; path = AppDelegate.h; sourceTree = "<group>"; };
		00D5CD1D1929D63100B55E28 /* AppDelegate.m */ = {isa = PBXFileReference; lastKnownFileType = sourcecode.c.objc; path = AppDelegate.m; sourceTree = "<group>"; };
		00D5CD201929D63100B55E28 /* Base */ = {isa = PBXFileReference; lastKnownFileType = file.storyboard; name = Base; path = Base.lproj/Main.storyboard; sourceTree = "<group>"; };
		00D5CD221929D63100B55E28 /* ViewController.h */ = {isa = PBXFileReference; lastKnownFileType = sourcecode.c.h; path = ViewController.h; sourceTree = "<group>"; };
		00D5CD231929D63100B55E28 /* ViewController.m */ = {isa = PBXFileReference; lastKnownFileType = sourcecode.c.objc; path = ViewController.m; sourceTree = "<group>"; };
		00D5CD2A1929D63100B55E28 /* Images.xcassets */ = {isa = PBXFileReference; lastKnownFileType = folder.assetcatalog; path = Images.xcassets; sourceTree = "<group>"; };
		00D5CD301929D63100B55E28 /* CupsTests.xctest */ = {isa = PBXFileReference; explicitFileType = wrapper.cfbundle; includeInIndex = 0; path = CupsTests.xctest; sourceTree = BUILT_PRODUCTS_DIR; };
		00D5CD311929D63100B55E28 /* XCTest.framework */ = {isa = PBXFileReference; lastKnownFileType = wrapper.framework; name = XCTest.framework; path = Library/Frameworks/XCTest.framework; sourceTree = DEVELOPER_DIR; };
		00D5CD391929D63100B55E28 /* CupsTests-Info.plist */ = {isa = PBXFileReference; lastKnownFileType = text.plist.xml; path = "CupsTests-Info.plist"; sourceTree = "<group>"; };
		00D5CD3B1929D63100B55E28 /* en */ = {isa = PBXFileReference; lastKnownFileType = text.plist.strings; name = en; path = en.lproj/InfoPlist.strings; sourceTree = "<group>"; };
		00D5CD3D1929D63100B55E28 /* CupsTests.m */ = {isa = PBXFileReference; lastKnownFileType = sourcecode.c.objc; path = CupsTests.m; sourceTree = "<group>"; };
		00D5CD4A1929D8F800B55E28 /* GameScene.h */ = {isa = PBXFileReference; fileEncoding = 4; lastKnownFileType = sourcecode.c.h; path = GameScene.h; sourceTree = "<group>"; };
		00D5CD4B1929D8F800B55E28 /* GameScene.m */ = {isa = PBXFileReference; fileEncoding = 4; lastKnownFileType = sourcecode.c.objc; path = GameScene.m; sourceTree = "<group>"; };
		00D5CD501929DCE100B55E28 /* Tile.h */ = {isa = PBXFileReference; fileEncoding = 4; lastKnownFileType = sourcecode.c.h; path = Tile.h; sourceTree = "<group>"; };
		00D5CD511929DCE100B55E28 /* Tile.m */ = {isa = PBXFileReference; fileEncoding = 4; lastKnownFileType = sourcecode.c.objc; path = Tile.m; sourceTree = "<group>"; };
		00D5CD531929DCF500B55E28 /* UIColor+GameColors.h */ = {isa = PBXFileReference; fileEncoding = 4; lastKnownFileType = sourcecode.c.h; path = "UIColor+GameColors.h"; sourceTree = "<group>"; };
		00D5CD541929DCF500B55E28 /* UIColor+GameColors.m */ = {isa = PBXFileReference; fileEncoding = 4; lastKnownFileType = sourcecode.c.objc; path = "UIColor+GameColors.m"; sourceTree = "<group>"; };
		00F0DD07192BA00700B3B50D /* iAd.framework */ = {isa = PBXFileReference; lastKnownFileType = wrapper.framework; name = iAd.framework; path = System/Library/Frameworks/iAd.framework; sourceTree = SDKROOT; };
/* End PBXFileReference section */

/* Begin PBXFrameworksBuildPhase section */
		00D5CD051929D63100B55E28 /* Frameworks */ = {
			isa = PBXFrameworksBuildPhase;
			buildActionMask = 2147483647;
			files = (
				00F0DD08192BA00700B3B50D /* iAd.framework in Frameworks */,
				00D5CD0E1929D63100B55E28 /* CoreGraphics.framework in Frameworks */,
				00D5CD101929D63100B55E28 /* UIKit.framework in Frameworks */,
				00D5CD121929D63100B55E28 /* SpriteKit.framework in Frameworks */,
				00D5CD0C1929D63100B55E28 /* Foundation.framework in Frameworks */,
			);
			runOnlyForDeploymentPostprocessing = 0;
		};
		00D5CD2D1929D63100B55E28 /* Frameworks */ = {
			isa = PBXFrameworksBuildPhase;
			buildActionMask = 2147483647;
			files = (
				00D5CD321929D63100B55E28 /* XCTest.framework in Frameworks */,
				00D5CD341929D63100B55E28 /* UIKit.framework in Frameworks */,
				00D5CD331929D63100B55E28 /* Foundation.framework in Frameworks */,
			);
			runOnlyForDeploymentPostprocessing = 0;
		};
/* End PBXFrameworksBuildPhase section */

/* Begin PBXGroup section */
		00D5CCFF1929D63100B55E28 = {
			isa = PBXGroup;
			children = (
				00D5CD131929D63100B55E28 /* Cups */,
				00D5CD371929D63100B55E28 /* CupsTests */,
				00D5CD0A1929D63100B55E28 /* Frameworks */,
				00D5CD091929D63100B55E28 /* Products */,
			);
			sourceTree = "<group>";
		};
		00D5CD091929D63100B55E28 /* Products */ = {
			isa = PBXGroup;
			children = (
				00D5CD081929D63100B55E28 /* Cups.app */,
				00D5CD301929D63100B55E28 /* CupsTests.xctest */,
			);
			name = Products;
			sourceTree = "<group>";
		};
		00D5CD0A1929D63100B55E28 /* Frameworks */ = {
			isa = PBXGroup;
			children = (
				00F0DD07192BA00700B3B50D /* iAd.framework */,
				00D5CD0B1929D63100B55E28 /* Foundation.framework */,
				00D5CD0D1929D63100B55E28 /* CoreGraphics.framework */,
				00D5CD0F1929D63100B55E28 /* UIKit.framework */,
				00D5CD111929D63100B55E28 /* SpriteKit.framework */,
				00D5CD311929D63100B55E28 /* XCTest.framework */,
			);
			name = Frameworks;
			sourceTree = "<group>";
		};
		00D5CD131929D63100B55E28 /* Cups */ = {
			isa = PBXGroup;
			children = (
				00D5CD1C1929D63100B55E28 /* AppDelegate.h */,
				00D5CD1D1929D63100B55E28 /* AppDelegate.m */,
				00D5CD1F1929D63100B55E28 /* Main.storyboard */,
				00D5CD221929D63100B55E28 /* ViewController.h */,
				00D5CD231929D63100B55E28 /* ViewController.m */,
				00D5CD4A1929D8F800B55E28 /* GameScene.h */,
				00D5CD4B1929D8F800B55E28 /* GameScene.m */,
				00D5CD501929DCE100B55E28 /* Tile.h */,
				00D5CD511929DCE100B55E28 /* Tile.m */,
				00CE0FE7192BCD2C00BC227A /* SKButton.h */,
				00CE0FE8192BCD2C00BC227A /* SKButton.m */,
				00D5CD531929DCF500B55E28 /* UIColor+GameColors.h */,
				00D5CD541929DCF500B55E28 /* UIColor+GameColors.m */,
				00D5CD2A1929D63100B55E28 /* Images.xcassets */,
				00D5CD141929D63100B55E28 /* Supporting Files */,
			);
			path = Cups;
			sourceTree = "<group>";
		};
		00D5CD141929D63100B55E28 /* Supporting Files */ = {
			isa = PBXGroup;
			children = (
				00D5CD151929D63100B55E28 /* Cups-Info.plist */,
				00D5CD161929D63100B55E28 /* InfoPlist.strings */,
				00D5CD191929D63100B55E28 /* main.m */,
				00D5CD1B1929D63100B55E28 /* Cups-Prefix.pch */,
			);
			name = "Supporting Files";
			sourceTree = "<group>";
		};
		00D5CD371929D63100B55E28 /* CupsTests */ = {
			isa = PBXGroup;
			children = (
				00D5CD3D1929D63100B55E28 /* CupsTests.m */,
				00D5CD381929D63100B55E28 /* Supporting Files */,
			);
			path = CupsTests;
			sourceTree = "<group>";
		};
		00D5CD381929D63100B55E28 /* Supporting Files */ = {
			isa = PBXGroup;
			children = (
				00D5CD391929D63100B55E28 /* CupsTests-Info.plist */,
				00D5CD3A1929D63100B55E28 /* InfoPlist.strings */,
			);
			name = "Supporting Files";
			sourceTree = "<group>";
		};
/* End PBXGroup section */

/* Begin PBXNativeTarget section */
		00D5CD071929D63100B55E28 /* Cups */ = {
			isa = PBXNativeTarget;
			buildConfigurationList = 00D5CD411929D63100B55E28 /* Build configuration list for PBXNativeTarget "Cups" */;
			buildPhases = (
				00D5CD041929D63100B55E28 /* Sources */,
				00D5CD051929D63100B55E28 /* Frameworks */,
				00D5CD061929D63100B55E28 /* Resources */,
			);
			buildRules = (
			);
			dependencies = (
			);
			name = Cups;
			productName = Cups;
			productReference = 00D5CD081929D63100B55E28 /* Cups.app */;
			productType = "com.apple.product-type.application";
		};
		00D5CD2F1929D63100B55E28 /* CupsTests */ = {
			isa = PBXNativeTarget;
			buildConfigurationList = 00D5CD441929D63100B55E28 /* Build configuration list for PBXNativeTarget "CupsTests" */;
			buildPhases = (
				00D5CD2C1929D63100B55E28 /* Sources */,
				00D5CD2D1929D63100B55E28 /* Frameworks */,
				00D5CD2E1929D63100B55E28 /* Resources */,
			);
			buildRules = (
			);
			dependencies = (
				00D5CD361929D63100B55E28 /* PBXTargetDependency */,
			);
			name = CupsTests;
			productName = CupsTests;
			productReference = 00D5CD301929D63100B55E28 /* CupsTests.xctest */;
			productType = "com.apple.product-type.bundle.unit-test";
		};
/* End PBXNativeTarget section */

/* Begin PBXProject section */
		00D5CD001929D63100B55E28 /* Project object */ = {
			isa = PBXProject;
			attributes = {
				LastUpgradeCheck = 0510;
				ORGANIZATIONNAME = "MacCDevTeam LLC";
				TargetAttributes = {
					00D5CD2F1929D63100B55E28 = {
						TestTargetID = 00D5CD071929D63100B55E28;
					};
				};
			};
			buildConfigurationList = 00D5CD031929D63100B55E28 /* Build configuration list for PBXProject "Cups" */;
			compatibilityVersion = "Xcode 3.2";
			developmentRegion = English;
			hasScannedForEncodings = 0;
			knownRegions = (
				en,
				Base,
			);
			mainGroup = 00D5CCFF1929D63100B55E28;
			productRefGroup = 00D5CD091929D63100B55E28 /* Products */;
			projectDirPath = "";
			projectRoot = "";
			targets = (
				00D5CD071929D63100B55E28 /* Cups */,
				00D5CD2F1929D63100B55E28 /* CupsTests */,
			);
		};
/* End PBXProject section */

/* Begin PBXResourcesBuildPhase section */
		00D5CD061929D63100B55E28 /* Resources */ = {
			isa = PBXResourcesBuildPhase;
			buildActionMask = 2147483647;
			files = (
				00D5CD181929D63100B55E28 /* InfoPlist.strings in Resources */,
				00D5CD2B1929D63100B55E28 /* Images.xcassets in Resources */,
				00D5CD211929D63100B55E28 /* Main.storyboard in Resources */,
			);
			runOnlyForDeploymentPostprocessing = 0;
		};
		00D5CD2E1929D63100B55E28 /* Resources */ = {
			isa = PBXResourcesBuildPhase;
			buildActionMask = 2147483647;
			files = (
				00D5CD3C1929D63100B55E28 /* InfoPlist.strings in Resources */,
			);
			runOnlyForDeploymentPostprocessing = 0;
		};
/* End PBXResourcesBuildPhase section */

/* Begin PBXSourcesBuildPhase section */
		00D5CD041929D63100B55E28 /* Sources */ = {
			isa = PBXSourcesBuildPhase;
			buildActionMask = 2147483647;
			files = (
				00CE0FE9192BCD2C00BC227A /* SKButton.m in Sources */,
				00D5CD521929DCE100B55E28 /* Tile.m in Sources */,
				00D5CD551929DCF500B55E28 /* UIColor+GameColors.m in Sources */,
				00D5CD241929D63100B55E28 /* ViewController.m in Sources */,
				00D5CD1E1929D63100B55E28 /* AppDelegate.m in Sources */,
				00D5CD4C1929D8F800B55E28 /* GameScene.m in Sources */,
				00D5CD1A1929D63100B55E28 /* main.m in Sources */,
			);
			runOnlyForDeploymentPostprocessing = 0;
		};
		00D5CD2C1929D63100B55E28 /* Sources */ = {
			isa = PBXSourcesBuildPhase;
			buildActionMask = 2147483647;
			files = (
				00D5CD3E1929D63100B55E28 /* CupsTests.m in Sources */,
			);
			runOnlyForDeploymentPostprocessing = 0;
		};
/* End PBXSourcesBuildPhase section */

/* Begin PBXTargetDependency section */
		00D5CD361929D63100B55E28 /* PBXTargetDependency */ = {
			isa = PBXTargetDependency;
			target = 00D5CD071929D63100B55E28 /* Cups */;
			targetProxy = 00D5CD351929D63100B55E28 /* PBXContainerItemProxy */;
		};
/* End PBXTargetDependency section */

/* Begin PBXVariantGroup section */
		00D5CD161929D63100B55E28 /* InfoPlist.strings */ = {
			isa = PBXVariantGroup;
			children = (
				00D5CD171929D63100B55E28 /* en */,
			);
			name = InfoPlist.strings;
			sourceTree = "<group>";
		};
		00D5CD1F1929D63100B55E28 /* Main.storyboard */ = {
			isa = PBXVariantGroup;
			children = (
				00D5CD201929D63100B55E28 /* Base */,
			);
			name = Main.storyboard;
			sourceTree = "<group>";
		};
		00D5CD3A1929D63100B55E28 /* InfoPlist.strings */ = {
			isa = PBXVariantGroup;
			children = (
				00D5CD3B1929D63100B55E28 /* en */,
			);
			name = InfoPlist.strings;
			sourceTree = "<group>";
		};
/* End PBXVariantGroup section */

/* Begin XCBuildConfiguration section */
		00D5CD3F1929D63100B55E28 /* Debug */ = {
			isa = XCBuildConfiguration;
			buildSettings = {
				ALWAYS_SEARCH_USER_PATHS = NO;
				CLANG_CXX_LANGUAGE_STANDARD = "gnu++0x";
				CLANG_CXX_LIBRARY = "libc++";
				CLANG_ENABLE_MODULES = YES;
				CLANG_ENABLE_OBJC_ARC = YES;
				CLANG_WARN_BOOL_CONVERSION = YES;
				CLANG_WARN_CONSTANT_CONVERSION = YES;
				CLANG_WARN_DIRECT_OBJC_ISA_USAGE = YES_ERROR;
				CLANG_WARN_EMPTY_BODY = YES;
				CLANG_WARN_ENUM_CONVERSION = YES;
				CLANG_WARN_INT_CONVERSION = YES;
				CLANG_WARN_OBJC_ROOT_CLASS = YES_ERROR;
				CLANG_WARN__DUPLICATE_METHOD_MATCH = YES;
				"CODE_SIGN_IDENTITY[sdk=iphoneos*]" = "iPhone Developer";
				COPY_PHASE_STRIP = NO;
				GCC_C_LANGUAGE_STANDARD = gnu99;
				GCC_DYNAMIC_NO_PIC = NO;
				GCC_OPTIMIZATION_LEVEL = 0;
				GCC_PREPROCESSOR_DEFINITIONS = (
					"DEBUG=1",
					"$(inherited)",
				);
				GCC_SYMBOLS_PRIVATE_EXTERN = NO;
				GCC_WARN_64_TO_32_BIT_CONVERSION = YES;
				GCC_WARN_ABOUT_RETURN_TYPE = YES_ERROR;
				GCC_WARN_UNDECLARED_SELECTOR = YES;
				GCC_WARN_UNINITIALIZED_AUTOS = YES_AGGRESSIVE;
				GCC_WARN_UNUSED_FUNCTION = YES;
				GCC_WARN_UNUSED_VARIABLE = YES;
				IPHONEOS_DEPLOYMENT_TARGET = 7.1;
				ONLY_ACTIVE_ARCH = YES;
				SDKROOT = iphoneos;
			};
			name = Debug;
		};
		00D5CD401929D63100B55E28 /* Release */ = {
			isa = XCBuildConfiguration;
			buildSettings = {
				ALWAYS_SEARCH_USER_PATHS = NO;
				CLANG_CXX_LANGUAGE_STANDARD = "gnu++0x";
				CLANG_CXX_LIBRARY = "libc++";
				CLANG_ENABLE_MODULES = YES;
				CLANG_ENABLE_OBJC_ARC = YES;
				CLANG_WARN_BOOL_CONVERSION = YES;
				CLANG_WARN_CONSTANT_CONVERSION = YES;
				CLANG_WARN_DIRECT_OBJC_ISA_USAGE = YES_ERROR;
				CLANG_WARN_EMPTY_BODY = YES;
				CLANG_WARN_ENUM_CONVERSION = YES;
				CLANG_WARN_INT_CONVERSION = YES;
				CLANG_WARN_OBJC_ROOT_CLASS = YES_ERROR;
				CLANG_WARN__DUPLICATE_METHOD_MATCH = YES;
				"CODE_SIGN_IDENTITY[sdk=iphoneos*]" = "iPhone Developer";
				COPY_PHASE_STRIP = YES;
				ENABLE_NS_ASSERTIONS = NO;
				GCC_C_LANGUAGE_STANDARD = gnu99;
				GCC_WARN_64_TO_32_BIT_CONVERSION = YES;
				GCC_WARN_ABOUT_RETURN_TYPE = YES_ERROR;
				GCC_WARN_UNDECLARED_SELECTOR = YES;
				GCC_WARN_UNINITIALIZED_AUTOS = YES_AGGRESSIVE;
				GCC_WARN_UNUSED_FUNCTION = YES;
				GCC_WARN_UNUSED_VARIABLE = YES;
				IPHONEOS_DEPLOYMENT_TARGET = 7.1;
				SDKROOT = iphoneos;
				VALIDATE_PRODUCT = YES;
			};
			name = Release;
		};
		00D5CD421929D63100B55E28 /* Debug */ = {
			isa = XCBuildConfiguration;
			buildSettings = {
				ASSETCATALOG_COMPILER_APPICON_NAME = AppIcon;
				ASSETCATALOG_COMPILER_LAUNCHIMAGE_NAME = LaunchImage;
				GCC_PRECOMPILE_PREFIX_HEADER = YES;
				GCC_PREFIX_HEADER = "Cups/Cups-Prefix.pch";
				INFOPLIST_FILE = "Cups/Cups-Info.plist";
				IPHONEOS_DEPLOYMENT_TARGET = 7.0;
				PRODUCT_NAME = "$(TARGET_NAME)";
				SPRITEKIT_TEXTURE_ATLAS_OUTPUT = YES;
				WRAPPER_EXTENSION = app;
			};
			name = Debug;
		};
		00D5CD431929D63100B55E28 /* Release */ = {
			isa = XCBuildConfiguration;
			buildSettings = {
				ASSETCATALOG_COMPILER_APPICON_NAME = AppIcon;
				ASSETCATALOG_COMPILER_LAUNCHIMAGE_NAME = LaunchImage;
				GCC_PRECOMPILE_PREFIX_HEADER = YES;
				GCC_PREFIX_HEADER = "Cups/Cups-Prefix.pch";
				INFOPLIST_FILE = "Cups/Cups-Info.plist";
				IPHONEOS_DEPLOYMENT_TARGET = 7.0;
				PRODUCT_NAME = "$(TARGET_NAME)";
				SPRITEKIT_TEXTURE_ATLAS_OUTPUT = YES;
				WRAPPER_EXTENSION = app;
			};
			name = Release;
		};
		00D5CD451929D63100B55E28 /* Debug */ = {
			isa = XCBuildConfiguration;
			buildSettings = {
				BUNDLE_LOADER = "$(BUILT_PRODUCTS_DIR)/Cups.app/Cups";
				FRAMEWORK_SEARCH_PATHS = (
					"$(SDKROOT)/Developer/Library/Frameworks",
					"$(inherited)",
					"$(DEVELOPER_FRAMEWORKS_DIR)",
				);
				GCC_PRECOMPILE_PREFIX_HEADER = YES;
				GCC_PREFIX_HEADER = "Cups/Cups-Prefix.pch";
				GCC_PREPROCESSOR_DEFINITIONS = (
					"DEBUG=1",
					"$(inherited)",
				);
				INFOPLIST_FILE = "CupsTests/CupsTests-Info.plist";
				PRODUCT_NAME = "$(TARGET_NAME)";
				TEST_HOST = "$(BUNDLE_LOADER)";
				WRAPPER_EXTENSION = xctest;
			};
			name = Debug;
		};
		00D5CD461929D63100B55E28 /* Release */ = {
			isa = XCBuildConfiguration;
			buildSettings = {
				BUNDLE_LOADER = "$(BUILT_PRODUCTS_DIR)/Cups.app/Cups";
				FRAMEWORK_SEARCH_PATHS = (
					"$(SDKROOT)/Developer/Library/Frameworks",
					"$(inherited)",
					"$(DEVELOPER_FRAMEWORKS_DIR)",
				);
				GCC_PRECOMPILE_PREFIX_HEADER = YES;
				GCC_PREFIX_HEADER = "Cups/Cups-Prefix.pch";
				INFOPLIST_FILE = "CupsTests/CupsTests-Info.plist";
				PRODUCT_NAME = "$(TARGET_NAME)";
				TEST_HOST = "$(BUNDLE_LOADER)";
				WRAPPER_EXTENSION = xctest;
			};
			name = Release;
		};
/* End XCBuildConfiguration section */

/* Begin XCConfigurationList section */
		00D5CD031929D63100B55E28 /* Build configuration list for PBXProject "Cups" */ = {
			isa = XCConfigurationList;
			buildConfigurations = (
				00D5CD3F1929D63100B55E28 /* Debug */,
				00D5CD401929D63100B55E28 /* Release */,
			);
			defaultConfigurationIsVisible = 0;
			defaultConfigurationName = Release;
		};
		00D5CD411929D63100B55E28 /* Build configuration list for PBXNativeTarget "Cups" */ = {
			isa = XCConfigurationList;
			buildConfigurations = (
				00D5CD421929D63100B55E28 /* Debug */,
				00D5CD431929D63100B55E28 /* Release */,
			);
			defaultConfigurationIsVisible = 0;
			defaultConfigurationName = Release;
		};
		00D5CD441929D63100B55E28 /* Build configuration list for PBXNativeTarget "CupsTests" */ = {
			isa = XCConfigurationList;
			buildConfigurations = (
				00D5CD451929D63100B55E28 /* Debug */,
				00D5CD461929D63100B55E28 /* Release */,
			);
			defaultConfigurationIsVisible = 0;
			defaultConfigurationName = Release;
		};
/* End XCConfigurationList section */
	};
	rootObject = 00D5CD001929D63100B55E28 /* Project object */;
}
